
Microsoft Visual Studio Solution File, Format Version 12.00
# Visual Studio Version 16
VisualStudioVersion = 16.0.31829.152
MinimumVisualStudioVersion = 10.0.40219.1
Project("{FAE04EC0-301F-11D3-BF4B-00C04F79EFBC}") = "Abstruction", "Abstruction\Abstruction.csproj", "{A95FEAA2-ED04-4DC2-8EE8-640E60B0D94C}"
EndProject
Global
	GlobalSection(SolutionConfigurationPlatforms) = preSolution
		Debug|Any CPU = Debug|Any CPU
		Release|Any CPU = Release|Any CPU
	EndGlobalSection
	GlobalSection(ProjectConfigurationPlatforms) = postSolution
		{A95FEAA2-ED04-4DC2-8EE8-640E60B0D94C}.Debug|Any CPU.ActiveCfg = Debug|Any CPU
		{A95FEAA2-ED04-4DC2-8EE8-640E60B0D94C}.Debug|Any CPU.Build.0 = Debug|Any CPU
		{A95FEAA2-ED04-4DC2-8EE8-640E60B0D94C}.Release|Any CPU.ActiveCfg = Release|Any CPU
		{A95FEAA2-ED04-4DC2-8EE8-640E60B0D94C}.Release|Any CPU.Build.0 = Release|Any CPU
	EndGlobalSection
	GlobalSection(SolutionProperties) = preSolution
		HideSolutionNode = FALSE
	EndGlobalSection
	GlobalSection(ExtensibilityGlobals) = postSolution
		SolutionGuid = {6CD2D23A-66E1-4B63-A279-912581814696}
	EndGlobalSection
EndGlobal
